<Solution>
  <Configurations>
    <Platform Name="ARM" />
    <Platform Name="ARM64" />
    <Platform Name="x64" />
    <Platform Name="x86" />
  </Configurations>
  <Project Path="Lab2 SO3 Benjamin.vcxproj" Id="2a9ccc07-2ac1-4cff-9593-81348a0cef93">
    <Platform Solution="*|x86" Project="x86" />
    <Deploy />
  </Project>
</Solution>
